
Microsoft Visual Studio Solution File, Format Version 12.00
# Visual Studio Version 17
VisualStudioVersion = 17.2.32630.192
MinimumVisualStudioVersion = 10.0.40219.1
Project("{FAE04EC0-301F-11D3-BF4B-00C04F79EFBC}") = "discord-bot", "discord-bot\discord-bot.csproj", "{9A6CCEA7-EF27-4CFC-A99D-EC641F2C47E9}"
EndProject
Global
	GlobalSection(SolutionConfigurationPlatforms) = preSolution
		Debug|Any CPU = Debug|Any CPU
		Release|Any CPU = Release|Any CPU
	EndGlobalSection
	GlobalSection(ProjectConfigurationPlatforms) = postSolution
		{9A6CCEA7-EF27-4CFC-A99D-EC641F2C47E9}.Debug|Any CPU.ActiveCfg = Debug|Any CPU
		{9A6CCEA7-EF27-4CFC-A99D-EC641F2C47E9}.Debug|Any CPU.Build.0 = Debug|Any CPU
		{9A6CCEA7-EF27-4CFC-A99D-EC641F2C47E9}.Release|Any CPU.ActiveCfg = Release|Any CPU
		{9A6CCEA7-EF27-4CFC-A99D-EC641F2C47E9}.Release|Any CPU.Build.0 = Release|Any CPU
	EndGlobalSection
	GlobalSection(SolutionProperties) = preSolution
		HideSolutionNode = FALSE
	EndGlobalSection
	GlobalSection(ExtensibilityGlobals) = postSolution
		SolutionGuid = {0E41735D-7CE9-427B-826E-8571A6EB6684}
	EndGlobalSection
EndGlobal
